
Microsoft Visual Studio Solution File, Format Version 12.00
# Visual Studio Version 17
VisualStudioVersion = 17.4.33213.308
MinimumVisualStudioVersion = 10.0.40219.1
Project("{FAE04EC0-301F-11D3-BF4B-00C04F79EFBC}") = "App1.Android", "App1\App1.Android\App1.Android.csproj", "{79C0D2D5-15BE-4F69-874A-64835F543DFE}"
EndProject
Project("{FAE04EC0-301F-11D3-BF4B-00C04F79EFBC}") = "App1.iOS", "App1\App1.iOS\App1.iOS.csproj", "{F8AB459F-32AB-4B8E-A436-39548C657B70}"
EndProject
Project("{FAE04EC0-301F-11D3-BF4B-00C04F79EFBC}") = "App1", "App1\App1\App1.csproj", "{CEB33B9B-3CD0-4C35-A043-13E6A5DB3760}"
EndProject
Global
	GlobalSection(SolutionConfigurationPlatforms) = preSolution
		Debug|Any CPU = Debug|Any CPU
		Debug|iPhone = Debug|iPhone
		Debug|iPhoneSimulator = Debug|iPhoneSimulator
		Release|Any CPU = Release|Any CPU
		Release|iPhone = Release|iPhone
		Release|iPhoneSimulator = Release|iPhoneSimulator
	EndGlobalSection
	GlobalSection(ProjectConfigurationPlatforms) = postSolution
		{79C0D2D5-15BE-4F69-874A-64835F543DFE}.Debug|Any CPU.ActiveCfg = Debug|Any CPU
		{79C0D2D5-15BE-4F69-874A-64835F543DFE}.Debug|Any CPU.Build.0 = Debug|Any CPU
		{79C0D2D5-15BE-4F69-874A-64835F543DFE}.Debug|Any CPU.Deploy.0 = Debug|Any CPU
		{79C0D2D5-15BE-4F69-874A-64835F543DFE}.Debug|iPhone.ActiveCfg = Debug|Any CPU
		{79C0D2D5-15BE-4F69-874A-64835F543DFE}.Debug|iPhone.Build.0 = Debug|Any CPU
		{79C0D2D5-15BE-4F69-874A-64835F543DFE}.Debug|iPhone.Deploy.0 = Debug|Any CPU
		{79C0D2D5-15BE-4F69-874A-64835F543DFE}.Debug|iPhoneSimulator.ActiveCfg = Debug|Any CPU
		{79C0D2D5-15BE-4F69-874A-64835F543DFE}.Debug|iPhoneSimulator.Build.0 = Debug|Any CPU
		{79C0D2D5-15BE-4F69-874A-64835F543DFE}.Debug|iPhoneSimulator.Deploy.0 = Debug|Any CPU
		{79C0D2D5-15BE-4F69-874A-64835F543DFE}.Release|Any CPU.ActiveCfg = Release|Any CPU
		{79C0D2D5-15BE-4F69-874A-64835F543DFE}.Release|Any CPU.Build.0 = Release|Any CPU
		{79C0D2D5-15BE-4F69-874A-64835F543DFE}.Release|Any CPU.Deploy.0 = Release|Any CPU
		{79C0D2D5-15BE-4F69-874A-64835F543DFE}.Release|iPhone.ActiveCfg = Release|Any CPU
		{79C0D2D5-15BE-4F69-874A-64835F543DFE}.Release|iPhone.Build.0 = Release|Any CPU
		{79C0D2D5-15BE-4F69-874A-64835F543DFE}.Release|iPhone.Deploy.0 = Release|Any CPU
		{79C0D2D5-15BE-4F69-874A-64835F543DFE}.Release|iPhoneSimulator.ActiveCfg = Release|Any CPU
		{79C0D2D5-15BE-4F69-874A-64835F543DFE}.Release|iPhoneSimulator.Build.0 = Release|Any CPU
		{79C0D2D5-15BE-4F69-874A-64835F543DFE}.Release|iPhoneSimulator.Deploy.0 = Release|Any CPU
		{F8AB459F-32AB-4B8E-A436-39548C657B70}.Debug|Any CPU.ActiveCfg = Debug|iPhone
		{F8AB459F-32AB-4B8E-A436-39548C657B70}.Debug|Any CPU.Build.0 = Debug|iPhone
		{F8AB459F-32AB-4B8E-A436-39548C657B70}.Debug|Any CPU.Deploy.0 = Debug|iPhone
		{F8AB459F-32AB-4B8E-A436-39548C657B70}.Debug|iPhone.ActiveCfg = Debug|iPhone
		{F8AB459F-32AB-4B8E-A436-39548C657B70}.Debug|iPhone.Build.0 = Debug|iPhone
		{F8AB459F-32AB-4B8E-A436-39548C657B70}.Debug|iPhone.Deploy.0 = Debug|iPhone
		{F8AB459F-32AB-4B8E-A436-39548C657B70}.Debug|iPhoneSimulator.ActiveCfg = Debug|iPhoneSimulator
		{F8AB459F-32AB-4B8E-A436-39548C657B70}.Debug|iPhoneSimulator.Build.0 = Debug|iPhoneSimulator
		{F8AB459F-32AB-4B8E-A436-39548C657B70}.Debug|iPhoneSimulator.Deploy.0 = Debug|iPhoneSimulator
		{F8AB459F-32AB-4B8E-A436-39548C657B70}.Release|Any CPU.ActiveCfg = Release|iPhoneSimulator
		{F8AB459F-32AB-4B8E-A436-39548C657B70}.Release|Any CPU.Build.0 = Release|iPhoneSimulator
		{F8AB459F-32AB-4B8E-A436-39548C657B70}.Release|Any CPU.Deploy.0 = Release|iPhoneSimulator
		{F8AB459F-32AB-4B8E-A436-39548C657B70}.Release|iPhone.ActiveCfg = Release|iPhone
		{F8AB459F-32AB-4B8E-A436-39548C657B70}.Release|iPhone.Build.0 = Release|iPhone
		{F8AB459F-32AB-4B8E-A436-39548C657B70}.Release|iPhone.Deploy.0 = Release|iPhone
		{F8AB459F-32AB-4B8E-A436-39548C657B70}.Release|iPhoneSimulator.ActiveCfg = Release|iPhoneSimulator
		{F8AB459F-32AB-4B8E-A436-39548C657B70}.Release|iPhoneSimulator.Build.0 = Release|iPhoneSimulator
		{F8AB459F-32AB-4B8E-A436-39548C657B70}.Release|iPhoneSimulator.Deploy.0 = Release|iPhoneSimulator
		{CEB33B9B-3CD0-4C35-A043-13E6A5DB3760}.Debug|Any CPU.ActiveCfg = Debug|Any CPU
		{CEB33B9B-3CD0-4C35-A043-13E6A5DB3760}.Debug|Any CPU.Build.0 = Debug|Any CPU
		{CEB33B9B-3CD0-4C35-A043-13E6A5DB3760}.Debug|Any CPU.Deploy.0 = Debug|Any CPU
		{CEB33B9B-3CD0-4C35-A043-13E6A5DB3760}.Debug|iPhone.ActiveCfg = Debug|Any CPU
		{CEB33B9B-3CD0-4C35-A043-13E6A5DB3760}.Debug|iPhone.Build.0 = Debug|Any CPU
		{CEB33B9B-3CD0-4C35-A043-13E6A5DB3760}.Debug|iPhone.Deploy.0 = Debug|Any CPU
		{CEB33B9B-3CD0-4C35-A043-13E6A5DB3760}.Debug|iPhoneSimulator.ActiveCfg = Debug|Any CPU
		{CEB33B9B-3CD0-4C35-A043-13E6A5DB3760}.Debug|iPhoneSimulator.Build.0 = Debug|Any CPU
		{CEB33B9B-3CD0-4C35-A043-13E6A5DB3760}.Debug|iPhoneSimulator.Deploy.0 = Debug|Any CPU
		{CEB33B9B-3CD0-4C35-A043-13E6A5DB3760}.Release|Any CPU.ActiveCfg = Release|Any CPU
		{CEB33B9B-3CD0-4C35-A043-13E6A5DB3760}.Release|Any CPU.Build.0 = Release|Any CPU
		{CEB33B9B-3CD0-4C35-A043-13E6A5DB3760}.Release|Any CPU.Deploy.0 = Release|Any CPU
		{CEB33B9B-3CD0-4C35-A043-13E6A5DB3760}.Release|iPhone.ActiveCfg = Release|Any CPU
		{CEB33B9B-3CD0-4C35-A043-13E6A5DB3760}.Release|iPhone.Build.0 = Release|Any CPU
		{CEB33B9B-3CD0-4C35-A043-13E6A5DB3760}.Release|iPhone.Deploy.0 = Release|Any CPU
		{CEB33B9B-3CD0-4C35-A043-13E6A5DB3760}.Release|iPhoneSimulator.ActiveCfg = Release|Any CPU
		{CEB33B9B-3CD0-4C35-A043-13E6A5DB3760}.Release|iPhoneSimulator.Build.0 = Release|Any CPU
		{CEB33B9B-3CD0-4C35-A043-13E6A5DB3760}.Release|iPhoneSimulator.Deploy.0 = Release|Any CPU
	EndGlobalSection
	GlobalSection(SolutionProperties) = preSolution
		HideSolutionNode = FALSE
	EndGlobalSection
	GlobalSection(ExtensibilityGlobals) = postSolution
		SolutionGuid = {0B062805-090C-4733-B41B-5471EF73825C}
	EndGlobalSection
EndGlobal
